{
  "name": "DatabaseOnlineCoursePlatform",
  "lockfileVersion": 2,
  "requires": true,
  "packages": {
    "": {
      "dependencies": {
        "vue-video-player": "^6.0.0"
      }
    },
    "node_modules/@videojs-player/vue": {
      "version": "1.0.0",
      "resolved": "https://registry.npmmirror.com/@videojs-player/vue/-/vue-1.0.0.tgz",
      "integrity": "sha512-WonTezRfKu3fYdQLt/ta+nuKH6gMZUv8l40Jke/j4Lae7IqeO/+lLAmBnh3ni88bwR+vkFXIlZ2Ci7VKInIYJg==",
      "peerDependencies": {
        "@types/video.js": "7.x",
        "video.js": "7.x",
        "vue": "3.x"
      }
    },
    "node_modules/vue-video-player": {
      "version": "6.0.0",
      "resolved": "https://registry.npmmirror.com/vue-video-player/-/vue-video-player-6.0.0.tgz",
      "integrity": "sha512-WP47OtefsjMEReRCIKIL3tRRgH/PyNm8ELjsbYgr/WWrYAj5Ih9Adzkzp+ylYOI/v57jJ4O7O4XkbXBCmsTqNw==",
      "dependencies": {
        "@videojs-player/vue": "1.x"
      },
      "peerDependencies": {
        "@types/video.js": "7.x",
        "video.js": "7.x",
        "vue": "3.x"
      }
    }
  },
  "dependencies": {
    "@videojs-player/vue": {
      "version": "1.0.0",
      "resolved": "https://registry.npmmirror.com/@videojs-player/vue/-/vue-1.0.0.tgz",
      "integrity": "sha512-WonTezRfKu3fYdQLt/ta+nuKH6gMZUv8l40Jke/j4Lae7IqeO/+lLAmBnh3ni88bwR+vkFXIlZ2Ci7VKInIYJg=="
    },
    "vue-video-player": {
      "version": "6.0.0",
      "resolved": "https://registry.npmmirror.com/vue-video-player/-/vue-video-player-6.0.0.tgz",
      "integrity": "sha512-WP47OtefsjMEReRCIKIL3tRRgH/PyNm8ELjsbYgr/WWrYAj5Ih9Adzkzp+ylYOI/v57jJ4O7O4XkbXBCmsTqNw==",
      "requires": {
        "@videojs-player/vue": "1.x"
      }
    }
  }
}
